<?xml version="1.0" encoding="utf-8"?>
<Project ToolsVersion="16.0" xmlns="http://schemas.microsoft.com/developer/msbuild/2003">
  <ItemGroup>
    <ClCompile Include="C:\github-repos\ultranotei-core\src\InProcessNode\InProcessNode.cpp">
      <Filter>Source Files</Filter>
    </ClCompile>
    <ClCompile Include="C:\github-repos\ultranotei-core\src\InProcessNode\InProcessNodeErrors.cpp">
      <Filter>Source Files</Filter>
    </ClCompile>
  </ItemGroup>
  <ItemGroup>
    <ClInclude Include="C:\github-repos\ultranotei-core\src\InProcessNode\InProcessNode.h">
      <Filter>Header Files</Filter>
    </ClInclude>
    <ClInclude Include="C:\github-repos\ultranotei-core\src\InProcessNode\InProcessNodeErrors.h">
      <Filter>Header Files</Filter>
    </ClInclude>
  </ItemGroup>
  <ItemGroup>
    <Filter Include="Header Files">
      <UniqueIdentifier>{3A637617-7FEB-38F3-865A-3B6FC40FA0D9}</UniqueIdentifier>
    </Filter>
    <Filter Include="Source Files">
      <UniqueIdentifier>{EE256872-56F8-3F9C-8805-C897AAC12084}</UniqueIdentifier>
    </Filter>
  </ItemGroup>
</Project>
