<?xml version="1.0" encoding="utf-8"?>
<Project ToolsVersion="16.0" xmlns="http://schemas.microsoft.com/developer/msbuild/2003">
  <ItemGroup>
    <ClCompile Include="C:\github-repos\ultranotei-core\src\Mnemonics\electrum-words.cpp" />
  </ItemGroup>
  <ItemGroup>
    <ClInclude Include="C:\github-repos\ultranotei-core\src\Mnemonics\chinese_simplified.h" />
    <ClInclude Include="C:\github-repos\ultranotei-core\src\Mnemonics\dutch.h" />
    <ClInclude Include="C:\github-repos\ultranotei-core\src\Mnemonics\electrum-words.h" />
    <ClInclude Include="C:\github-repos\ultranotei-core\src\Mnemonics\english.h" />
    <ClInclude Include="C:\github-repos\ultranotei-core\src\Mnemonics\english_old.h" />
    <ClInclude Include="C:\github-repos\ultranotei-core\src\Mnemonics\esperanto.h" />
    <ClInclude Include="C:\github-repos\ultranotei-core\src\Mnemonics\french.h" />
    <ClInclude Include="C:\github-repos\ultranotei-core\src\Mnemonics\german.h" />
    <ClInclude Include="C:\github-repos\ultranotei-core\src\Mnemonics\italian.h" />
    <ClInclude Include="C:\github-repos\ultranotei-core\src\Mnemonics\japanese.h" />
    <ClInclude Include="C:\github-repos\ultranotei-core\src\Mnemonics\language_base.h" />
    <ClInclude Include="C:\github-repos\ultranotei-core\src\Mnemonics\lojban.h" />
    <ClInclude Include="C:\github-repos\ultranotei-core\src\Mnemonics\portuguese.h" />
    <ClInclude Include="C:\github-repos\ultranotei-core\src\Mnemonics\russian.h" />
    <ClInclude Include="C:\github-repos\ultranotei-core\src\Mnemonics\singleton.h" />
    <ClInclude Include="C:\github-repos\ultranotei-core\src\Mnemonics\spanish.h" />
  </ItemGroup>
  <ItemGroup>
  </ItemGroup>
</Project>
