<?xml version="1.0" encoding="utf-8"?>
<Project ToolsVersion="16.0" xmlns="http://schemas.microsoft.com/developer/msbuild/2003">
  <ItemGroup>
    <ClCompile Include="C:\github-repos\ultranotei-core\src\NodeRpcProxy\NodeErrors.cpp" />
    <ClCompile Include="C:\github-repos\ultranotei-core\src\NodeRpcProxy\NodeRpcProxy.cpp" />
  </ItemGroup>
  <ItemGroup>
    <ClInclude Include="C:\github-repos\ultranotei-core\src\NodeRpcProxy\NodeErrors.h" />
    <ClInclude Include="C:\github-repos\ultranotei-core\src\NodeRpcProxy\NodeRpcProxy.h" />
  </ItemGroup>
  <ItemGroup>
  </ItemGroup>
</Project>
