<?xml version="1.0" encoding="utf-8"?>
<Project ToolsVersion="16.0" xmlns="http://schemas.microsoft.com/developer/msbuild/2003">
  <ItemGroup>
    <CustomBuild Include="C:\github-repos\ultranotei-core\build_20250109210329\CMakeFiles\d9385cb4adefa8e7a886e4e032338dc5\RUN_TESTS_force.rule">
      <Filter>CMake Rules</Filter>
    </CustomBuild>
  </ItemGroup>
  <ItemGroup>
    <Filter Include="CMake Rules">
      <UniqueIdentifier>{5AA9E074-6F7A-3B3B-AEB8-30A7ED0FC43B}</UniqueIdentifier>
    </Filter>
  </ItemGroup>
</Project>
