<?xml version="1.0" encoding="utf-8"?>
<Project ToolsVersion="16.0" xmlns="http://schemas.microsoft.com/developer/msbuild/2003">
  <ItemGroup>
    <ClCompile Include="C:\github-repos\ultranotei-core\src\UltraNoteWallet\ClientHelper.cpp" />
    <ClCompile Include="C:\github-repos\ultranotei-core\src\UltraNoteWallet\PasswordContainer.cpp" />
    <ClCompile Include="C:\github-repos\ultranotei-core\src\UltraNoteWallet\TransferCmd.cpp" />
    <ClCompile Include="C:\github-repos\ultranotei-core\src\UltraNoteWallet\UltraNoteWallet.cpp" />
    <ClCompile Include="C:\github-repos\ultranotei-core\src\UltraNoteWallet\main.cpp" />
  </ItemGroup>
  <ItemGroup>
    <ClInclude Include="C:\github-repos\ultranotei-core\src\UltraNoteWallet\ClientHelper.h" />
    <ClInclude Include="C:\github-repos\ultranotei-core\src\UltraNoteWallet\Const.h" />
    <ClInclude Include="C:\github-repos\ultranotei-core\src\UltraNoteWallet\PasswordContainer.h" />
    <ClInclude Include="C:\github-repos\ultranotei-core\src\UltraNoteWallet\TransferCmd.h" />
    <ClInclude Include="C:\github-repos\ultranotei-core\src\UltraNoteWallet\UltraNoteWallet.h" />
  </ItemGroup>
  <ItemGroup>
  </ItemGroup>
</Project>
