
Microsoft Visual Studio Solution File, Format Version 12.00
# Visual Studio Version 16
Project("{2150E333-8FDC-42A3-9474-1A3956D46DE8}") = "CMakePredefinedTargets", "CMakePredefinedTargets", "{2B406F30-FA6F-30DA-B67F-F95AF96C3C25}"
EndProject
Project("{2150E333-8FDC-42A3-9474-1A3956D46DE8}") = "external", "external", "{A5F6C45B-EA98-3A38-B215-251246D283ED}"
EndProject
Project("{8BC9CEB8-8B4A-11D0-8D11-00A0C91BC942}") = "ALL_BUILD", "ALL_BUILD.vcxproj", "{455DC146-3457-3CE5-96A5-2E822C8AB5A7}"
	ProjectSection(ProjectDependencies) = postProject
		{5B5DB637-4654-3087-9FB1-94B87D903F25} = {5B5DB637-4654-3087-9FB1-94B87D903F25}
		{A6CBB1BA-A41F-3A68-8FD6-27A84D762293} = {A6CBB1BA-A41F-3A68-8FD6-27A84D762293}
		{CBC3B9E1-C06A-3015-B3EE-C3F010D56549} = {CBC3B9E1-C06A-3015-B3EE-C3F010D56549}
		{BF2A00EB-2AD7-394D-ACAD-B208625B9FB5} = {BF2A00EB-2AD7-394D-ACAD-B208625B9FB5}
		{0BB4C901-9FCF-39D9-87CD-3AF4D2843CD3} = {0BB4C901-9FCF-39D9-87CD-3AF4D2843CD3}
		{CF869F99-C3D7-3925-8783-48FEAF46222D} = {CF869F99-C3D7-3925-8783-48FEAF46222D}
		{85A078A2-2506-3E68-BB96-E06DCB3BAADE} = {85A078A2-2506-3E68-BB96-E06DCB3BAADE}
		{47DBB255-8880-3602-AC05-4CA7BAD340A5} = {47DBB255-8880-3602-AC05-4CA7BAD340A5}
		{735065A7-3DAE-3671-9246-C815F896BCB5} = {735065A7-3DAE-3671-9246-C815F896BCB5}
		{0C881F51-07DC-3A00-AC65-88D80F4ACC4C} = {0C881F51-07DC-3A00-AC65-88D80F4ACC4C}
		{BB263FCB-CDB6-30B9-ADD1-4F80C06BF838} = {BB263FCB-CDB6-30B9-ADD1-4F80C06BF838}
		{0E8942A4-E611-347C-B47F-2F6D7EB696A2} = {0E8942A4-E611-347C-B47F-2F6D7EB696A2}
		{C5933620-1124-3169-9433-7CF5BBC52256} = {C5933620-1124-3169-9433-7CF5BBC52256}
		{A79FB829-07DD-3779-8D7C-E7587CB33EFF} = {A79FB829-07DD-3779-8D7C-E7587CB33EFF}
		{BF032CB4-ADB7-3C81-83F4-14E400CC612B} = {BF032CB4-ADB7-3C81-83F4-14E400CC612B}
		{64209154-E538-395D-BDAA-01A7A916460D} = {64209154-E538-395D-BDAA-01A7A916460D}
		{A55763DC-0769-321D-B754-F045C6BE024B} = {A55763DC-0769-321D-B754-F045C6BE024B}
		{9041E42E-6F43-3F82-B113-5294788DE5FF} = {9041E42E-6F43-3F82-B113-5294788DE5FF}
		{6F337762-985A-3180-B990-EFCA86EE0F8A} = {6F337762-985A-3180-B990-EFCA86EE0F8A}
		{ABC2FA77-6533-357B-8A2A-3CC6174C9959} = {ABC2FA77-6533-357B-8A2A-3CC6174C9959}
		{AA25F350-9A70-387B-B54F-74AB517A5DCB} = {AA25F350-9A70-387B-B54F-74AB517A5DCB}
		{C372416B-5A3E-30F4-83DB-2CFCA8BA223F} = {C372416B-5A3E-30F4-83DB-2CFCA8BA223F}
		{66792C97-7473-3528-8444-50622F2651FD} = {66792C97-7473-3528-8444-50622F2651FD}
	EndProjectSection
EndProject
Project("{8BC9CEB8-8B4A-11D0-8D11-00A0C91BC942}") = "BlockchainExplorer", "src\BlockchainExplorer.vcxproj", "{5B5DB637-4654-3087-9FB1-94B87D903F25}"
	ProjectSection(ProjectDependencies) = postProject
	EndProjectSection
EndProject
Project("{8BC9CEB8-8B4A-11D0-8D11-00A0C91BC942}") = "Common", "src\Common.vcxproj", "{A6CBB1BA-A41F-3A68-8FD6-27A84D762293}"
	ProjectSection(ProjectDependencies) = postProject
	EndProjectSection
EndProject
Project("{8BC9CEB8-8B4A-11D0-8D11-00A0C91BC942}") = "CryptoNoteCore", "src\CryptoNoteCore.vcxproj", "{CBC3B9E1-C06A-3015-B3EE-C3F010D56549}"
	ProjectSection(ProjectDependencies) = postProject
	EndProjectSection
EndProject
Project("{8BC9CEB8-8B4A-11D0-8D11-00A0C91BC942}") = "Daemon", "src\Daemon.vcxproj", "{BF2A00EB-2AD7-394D-ACAD-B208625B9FB5}"
	ProjectSection(ProjectDependencies) = postProject
		{5B5DB637-4654-3087-9FB1-94B87D903F25} = {5B5DB637-4654-3087-9FB1-94B87D903F25}
		{A6CBB1BA-A41F-3A68-8FD6-27A84D762293} = {A6CBB1BA-A41F-3A68-8FD6-27A84D762293}
		{CBC3B9E1-C06A-3015-B3EE-C3F010D56549} = {CBC3B9E1-C06A-3015-B3EE-C3F010D56549}
		{0BB4C901-9FCF-39D9-87CD-3AF4D2843CD3} = {0BB4C901-9FCF-39D9-87CD-3AF4D2843CD3}
		{47DBB255-8880-3602-AC05-4CA7BAD340A5} = {47DBB255-8880-3602-AC05-4CA7BAD340A5}
		{0E8942A4-E611-347C-B47F-2F6D7EB696A2} = {0E8942A4-E611-347C-B47F-2F6D7EB696A2}
		{BF032CB4-ADB7-3C81-83F4-14E400CC612B} = {BF032CB4-ADB7-3C81-83F4-14E400CC612B}
		{64209154-E538-395D-BDAA-01A7A916460D} = {64209154-E538-395D-BDAA-01A7A916460D}
		{A55763DC-0769-321D-B754-F045C6BE024B} = {A55763DC-0769-321D-B754-F045C6BE024B}
		{AA25F350-9A70-387B-B54F-74AB517A5DCB} = {AA25F350-9A70-387B-B54F-74AB517A5DCB}
		{C372416B-5A3E-30F4-83DB-2CFCA8BA223F} = {C372416B-5A3E-30F4-83DB-2CFCA8BA223F}
		{66792C97-7473-3528-8444-50622F2651FD} = {66792C97-7473-3528-8444-50622F2651FD}
	EndProjectSection
EndProject
Project("{8BC9CEB8-8B4A-11D0-8D11-00A0C91BC942}") = "Http", "src\Http.vcxproj", "{0BB4C901-9FCF-39D9-87CD-3AF4D2843CD3}"
	ProjectSection(ProjectDependencies) = postProject
	EndProjectSection
EndProject
Project("{8BC9CEB8-8B4A-11D0-8D11-00A0C91BC942}") = "INSTALL", "INSTALL.vcxproj", "{64B12B91-5E03-3110-BE43-1BC5A63DF1BF}"
	ProjectSection(ProjectDependencies) = postProject
		{455DC146-3457-3CE5-96A5-2E822C8AB5A7} = {455DC146-3457-3CE5-96A5-2E822C8AB5A7}
	EndProjectSection
EndProject
Project("{8BC9CEB8-8B4A-11D0-8D11-00A0C91BC942}") = "InProcessNode", "src\InProcessNode.vcxproj", "{CF869F99-C3D7-3925-8783-48FEAF46222D}"
	ProjectSection(ProjectDependencies) = postProject
	EndProjectSection
EndProject
Project("{8BC9CEB8-8B4A-11D0-8D11-00A0C91BC942}") = "JsonRpcServer", "src\JsonRpcServer.vcxproj", "{85A078A2-2506-3E68-BB96-E06DCB3BAADE}"
	ProjectSection(ProjectDependencies) = postProject
	EndProjectSection
EndProject
Project("{8BC9CEB8-8B4A-11D0-8D11-00A0C91BC942}") = "Logging", "src\Logging.vcxproj", "{47DBB255-8880-3602-AC05-4CA7BAD340A5}"
	ProjectSection(ProjectDependencies) = postProject
	EndProjectSection
EndProject
Project("{8BC9CEB8-8B4A-11D0-8D11-00A0C91BC942}") = "Mnemonics", "src\Mnemonics.vcxproj", "{735065A7-3DAE-3671-9246-C815F896BCB5}"
	ProjectSection(ProjectDependencies) = postProject
	EndProjectSection
EndProject
Project("{8BC9CEB8-8B4A-11D0-8D11-00A0C91BC942}") = "NodeRpcProxy", "src\NodeRpcProxy.vcxproj", "{0C881F51-07DC-3A00-AC65-88D80F4ACC4C}"
	ProjectSection(ProjectDependencies) = postProject
	EndProjectSection
EndProject
Project("{8BC9CEB8-8B4A-11D0-8D11-00A0C91BC942}") = "Optimizer", "src\Optimizer.vcxproj", "{BB263FCB-CDB6-30B9-ADD1-4F80C06BF838}"
	ProjectSection(ProjectDependencies) = postProject
		{A6CBB1BA-A41F-3A68-8FD6-27A84D762293} = {A6CBB1BA-A41F-3A68-8FD6-27A84D762293}
		{CBC3B9E1-C06A-3015-B3EE-C3F010D56549} = {CBC3B9E1-C06A-3015-B3EE-C3F010D56549}
		{0BB4C901-9FCF-39D9-87CD-3AF4D2843CD3} = {0BB4C901-9FCF-39D9-87CD-3AF4D2843CD3}
		{47DBB255-8880-3602-AC05-4CA7BAD340A5} = {47DBB255-8880-3602-AC05-4CA7BAD340A5}
		{C5933620-1124-3169-9433-7CF5BBC52256} = {C5933620-1124-3169-9433-7CF5BBC52256}
		{BF032CB4-ADB7-3C81-83F4-14E400CC612B} = {BF032CB4-ADB7-3C81-83F4-14E400CC612B}
		{64209154-E538-395D-BDAA-01A7A916460D} = {64209154-E538-395D-BDAA-01A7A916460D}
		{A55763DC-0769-321D-B754-F045C6BE024B} = {A55763DC-0769-321D-B754-F045C6BE024B}
		{AA25F350-9A70-387B-B54F-74AB517A5DCB} = {AA25F350-9A70-387B-B54F-74AB517A5DCB}
	EndProjectSection
EndProject
Project("{8BC9CEB8-8B4A-11D0-8D11-00A0C91BC942}") = "P2P", "src\P2P.vcxproj", "{0E8942A4-E611-347C-B47F-2F6D7EB696A2}"
	ProjectSection(ProjectDependencies) = postProject
		{66792C97-7473-3528-8444-50622F2651FD} = {66792C97-7473-3528-8444-50622F2651FD}
	EndProjectSection
EndProject
Project("{8BC9CEB8-8B4A-11D0-8D11-00A0C91BC942}") = "PaymentGate", "src\PaymentGate.vcxproj", "{C5933620-1124-3169-9433-7CF5BBC52256}"
	ProjectSection(ProjectDependencies) = postProject
	EndProjectSection
EndProject
Project("{8BC9CEB8-8B4A-11D0-8D11-00A0C91BC942}") = "PaymentGateService", "src\PaymentGateService.vcxproj", "{A79FB829-07DD-3779-8D7C-E7587CB33EFF}"
	ProjectSection(ProjectDependencies) = postProject
		{5B5DB637-4654-3087-9FB1-94B87D903F25} = {5B5DB637-4654-3087-9FB1-94B87D903F25}
		{A6CBB1BA-A41F-3A68-8FD6-27A84D762293} = {A6CBB1BA-A41F-3A68-8FD6-27A84D762293}
		{CBC3B9E1-C06A-3015-B3EE-C3F010D56549} = {CBC3B9E1-C06A-3015-B3EE-C3F010D56549}
		{0BB4C901-9FCF-39D9-87CD-3AF4D2843CD3} = {0BB4C901-9FCF-39D9-87CD-3AF4D2843CD3}
		{CF869F99-C3D7-3925-8783-48FEAF46222D} = {CF869F99-C3D7-3925-8783-48FEAF46222D}
		{85A078A2-2506-3E68-BB96-E06DCB3BAADE} = {85A078A2-2506-3E68-BB96-E06DCB3BAADE}
		{47DBB255-8880-3602-AC05-4CA7BAD340A5} = {47DBB255-8880-3602-AC05-4CA7BAD340A5}
		{0C881F51-07DC-3A00-AC65-88D80F4ACC4C} = {0C881F51-07DC-3A00-AC65-88D80F4ACC4C}
		{0E8942A4-E611-347C-B47F-2F6D7EB696A2} = {0E8942A4-E611-347C-B47F-2F6D7EB696A2}
		{C5933620-1124-3169-9433-7CF5BBC52256} = {C5933620-1124-3169-9433-7CF5BBC52256}
		{BF032CB4-ADB7-3C81-83F4-14E400CC612B} = {BF032CB4-ADB7-3C81-83F4-14E400CC612B}
		{64209154-E538-395D-BDAA-01A7A916460D} = {64209154-E538-395D-BDAA-01A7A916460D}
		{A55763DC-0769-321D-B754-F045C6BE024B} = {A55763DC-0769-321D-B754-F045C6BE024B}
		{9041E42E-6F43-3F82-B113-5294788DE5FF} = {9041E42E-6F43-3F82-B113-5294788DE5FF}
		{ABC2FA77-6533-357B-8A2A-3CC6174C9959} = {ABC2FA77-6533-357B-8A2A-3CC6174C9959}
		{AA25F350-9A70-387B-B54F-74AB517A5DCB} = {AA25F350-9A70-387B-B54F-74AB517A5DCB}
		{C372416B-5A3E-30F4-83DB-2CFCA8BA223F} = {C372416B-5A3E-30F4-83DB-2CFCA8BA223F}
		{66792C97-7473-3528-8444-50622F2651FD} = {66792C97-7473-3528-8444-50622F2651FD}
	EndProjectSection
EndProject
Project("{8BC9CEB8-8B4A-11D0-8D11-00A0C91BC942}") = "RUN_TESTS", "RUN_TESTS.vcxproj", "{54961F80-75B5-34FF-8EB3-F3F986ACD5E7}"
	ProjectSection(ProjectDependencies) = postProject
	EndProjectSection
EndProject
Project("{8BC9CEB8-8B4A-11D0-8D11-00A0C91BC942}") = "Rpc", "src\Rpc.vcxproj", "{BF032CB4-ADB7-3C81-83F4-14E400CC612B}"
	ProjectSection(ProjectDependencies) = postProject
		{66792C97-7473-3528-8444-50622F2651FD} = {66792C97-7473-3528-8444-50622F2651FD}
	EndProjectSection
EndProject
Project("{8BC9CEB8-8B4A-11D0-8D11-00A0C91BC942}") = "Serialization", "src\Serialization.vcxproj", "{64209154-E538-395D-BDAA-01A7A916460D}"
	ProjectSection(ProjectDependencies) = postProject
	EndProjectSection
EndProject
Project("{8BC9CEB8-8B4A-11D0-8D11-00A0C91BC942}") = "System", "src\System.vcxproj", "{A55763DC-0769-321D-B754-F045C6BE024B}"
	ProjectSection(ProjectDependencies) = postProject
	EndProjectSection
EndProject
Project("{8BC9CEB8-8B4A-11D0-8D11-00A0C91BC942}") = "Transfers", "src\Transfers.vcxproj", "{9041E42E-6F43-3F82-B113-5294788DE5FF}"
	ProjectSection(ProjectDependencies) = postProject
	EndProjectSection
EndProject
Project("{8BC9CEB8-8B4A-11D0-8D11-00A0C91BC942}") = "UltraNoteWallet", "src\UltraNoteWallet.vcxproj", "{6F337762-985A-3180-B990-EFCA86EE0F8A}"
	ProjectSection(ProjectDependencies) = postProject
		{A6CBB1BA-A41F-3A68-8FD6-27A84D762293} = {A6CBB1BA-A41F-3A68-8FD6-27A84D762293}
		{CBC3B9E1-C06A-3015-B3EE-C3F010D56549} = {CBC3B9E1-C06A-3015-B3EE-C3F010D56549}
		{0BB4C901-9FCF-39D9-87CD-3AF4D2843CD3} = {0BB4C901-9FCF-39D9-87CD-3AF4D2843CD3}
		{47DBB255-8880-3602-AC05-4CA7BAD340A5} = {47DBB255-8880-3602-AC05-4CA7BAD340A5}
		{0C881F51-07DC-3A00-AC65-88D80F4ACC4C} = {0C881F51-07DC-3A00-AC65-88D80F4ACC4C}
		{BF032CB4-ADB7-3C81-83F4-14E400CC612B} = {BF032CB4-ADB7-3C81-83F4-14E400CC612B}
		{64209154-E538-395D-BDAA-01A7A916460D} = {64209154-E538-395D-BDAA-01A7A916460D}
		{A55763DC-0769-321D-B754-F045C6BE024B} = {A55763DC-0769-321D-B754-F045C6BE024B}
		{9041E42E-6F43-3F82-B113-5294788DE5FF} = {9041E42E-6F43-3F82-B113-5294788DE5FF}
		{ABC2FA77-6533-357B-8A2A-3CC6174C9959} = {ABC2FA77-6533-357B-8A2A-3CC6174C9959}
		{AA25F350-9A70-387B-B54F-74AB517A5DCB} = {AA25F350-9A70-387B-B54F-74AB517A5DCB}
		{66792C97-7473-3528-8444-50622F2651FD} = {66792C97-7473-3528-8444-50622F2651FD}
	EndProjectSection
EndProject
Project("{8BC9CEB8-8B4A-11D0-8D11-00A0C91BC942}") = "Wallet", "src\Wallet.vcxproj", "{ABC2FA77-6533-357B-8A2A-3CC6174C9959}"
	ProjectSection(ProjectDependencies) = postProject
	EndProjectSection
EndProject
Project("{8BC9CEB8-8B4A-11D0-8D11-00A0C91BC942}") = "crypto", "src\crypto.vcxproj", "{AA25F350-9A70-387B-B54F-74AB517A5DCB}"
	ProjectSection(ProjectDependencies) = postProject
	EndProjectSection
EndProject
Project("{8BC9CEB8-8B4A-11D0-8D11-00A0C91BC942}") = "upnpc-static", "external\miniupnpc\upnpc-static.vcxproj", "{C372416B-5A3E-30F4-83DB-2CFCA8BA223F}"
	ProjectSection(ProjectDependencies) = postProject
	EndProjectSection
EndProject
Project("{8BC9CEB8-8B4A-11D0-8D11-00A0C91BC942}") = "version", "version.vcxproj", "{66792C97-7473-3528-8444-50622F2651FD}"
	ProjectSection(ProjectDependencies) = postProject
	EndProjectSection
EndProject
Global
	GlobalSection(SolutionConfigurationPlatforms) = preSolution
		Debug|x64 = Debug|x64
		RelWithDebInfo|x64 = RelWithDebInfo|x64
		Release|x64 = Release|x64
	EndGlobalSection
	GlobalSection(ProjectConfigurationPlatforms) = postSolution
		{455DC146-3457-3CE5-96A5-2E822C8AB5A7}.Debug|x64.ActiveCfg = Debug|x64
		{455DC146-3457-3CE5-96A5-2E822C8AB5A7}.Debug|x64.Build.0 = Debug|x64
		{455DC146-3457-3CE5-96A5-2E822C8AB5A7}.RelWithDebInfo|x64.ActiveCfg = RelWithDebInfo|x64
		{455DC146-3457-3CE5-96A5-2E822C8AB5A7}.RelWithDebInfo|x64.Build.0 = RelWithDebInfo|x64
		{455DC146-3457-3CE5-96A5-2E822C8AB5A7}.Release|x64.ActiveCfg = Release|x64
		{455DC146-3457-3CE5-96A5-2E822C8AB5A7}.Release|x64.Build.0 = Release|x64
		{5B5DB637-4654-3087-9FB1-94B87D903F25}.Debug|x64.ActiveCfg = Debug|x64
		{5B5DB637-4654-3087-9FB1-94B87D903F25}.Debug|x64.Build.0 = Debug|x64
		{5B5DB637-4654-3087-9FB1-94B87D903F25}.RelWithDebInfo|x64.ActiveCfg = RelWithDebInfo|x64
		{5B5DB637-4654-3087-9FB1-94B87D903F25}.RelWithDebInfo|x64.Build.0 = RelWithDebInfo|x64
		{5B5DB637-4654-3087-9FB1-94B87D903F25}.Release|x64.ActiveCfg = Release|x64
		{5B5DB637-4654-3087-9FB1-94B87D903F25}.Release|x64.Build.0 = Release|x64
		{A6CBB1BA-A41F-3A68-8FD6-27A84D762293}.Debug|x64.ActiveCfg = Debug|x64
		{A6CBB1BA-A41F-3A68-8FD6-27A84D762293}.Debug|x64.Build.0 = Debug|x64
		{A6CBB1BA-A41F-3A68-8FD6-27A84D762293}.RelWithDebInfo|x64.ActiveCfg = RelWithDebInfo|x64
		{A6CBB1BA-A41F-3A68-8FD6-27A84D762293}.RelWithDebInfo|x64.Build.0 = RelWithDebInfo|x64
		{A6CBB1BA-A41F-3A68-8FD6-27A84D762293}.Release|x64.ActiveCfg = Release|x64
		{A6CBB1BA-A41F-3A68-8FD6-27A84D762293}.Release|x64.Build.0 = Release|x64
		{CBC3B9E1-C06A-3015-B3EE-C3F010D56549}.Debug|x64.ActiveCfg = Debug|x64
		{CBC3B9E1-C06A-3015-B3EE-C3F010D56549}.Debug|x64.Build.0 = Debug|x64
		{CBC3B9E1-C06A-3015-B3EE-C3F010D56549}.RelWithDebInfo|x64.ActiveCfg = RelWithDebInfo|x64
		{CBC3B9E1-C06A-3015-B3EE-C3F010D56549}.RelWithDebInfo|x64.Build.0 = RelWithDebInfo|x64
		{CBC3B9E1-C06A-3015-B3EE-C3F010D56549}.Release|x64.ActiveCfg = Release|x64
		{CBC3B9E1-C06A-3015-B3EE-C3F010D56549}.Release|x64.Build.0 = Release|x64
		{BF2A00EB-2AD7-394D-ACAD-B208625B9FB5}.Debug|x64.ActiveCfg = Debug|x64
		{BF2A00EB-2AD7-394D-ACAD-B208625B9FB5}.Debug|x64.Build.0 = Debug|x64
		{BF2A00EB-2AD7-394D-ACAD-B208625B9FB5}.RelWithDebInfo|x64.ActiveCfg = RelWithDebInfo|x64
		{BF2A00EB-2AD7-394D-ACAD-B208625B9FB5}.RelWithDebInfo|x64.Build.0 = RelWithDebInfo|x64
		{BF2A00EB-2AD7-394D-ACAD-B208625B9FB5}.Release|x64.ActiveCfg = Release|x64
		{BF2A00EB-2AD7-394D-ACAD-B208625B9FB5}.Release|x64.Build.0 = Release|x64
		{0BB4C901-9FCF-39D9-87CD-3AF4D2843CD3}.Debug|x64.ActiveCfg = Debug|x64
		{0BB4C901-9FCF-39D9-87CD-3AF4D2843CD3}.Debug|x64.Build.0 = Debug|x64
		{0BB4C901-9FCF-39D9-87CD-3AF4D2843CD3}.RelWithDebInfo|x64.ActiveCfg = RelWithDebInfo|x64
		{0BB4C901-9FCF-39D9-87CD-3AF4D2843CD3}.RelWithDebInfo|x64.Build.0 = RelWithDebInfo|x64
		{0BB4C901-9FCF-39D9-87CD-3AF4D2843CD3}.Release|x64.ActiveCfg = Release|x64
		{0BB4C901-9FCF-39D9-87CD-3AF4D2843CD3}.Release|x64.Build.0 = Release|x64
		{64B12B91-5E03-3110-BE43-1BC5A63DF1BF}.Debug|x64.ActiveCfg = Debug|x64
		{64B12B91-5E03-3110-BE43-1BC5A63DF1BF}.RelWithDebInfo|x64.ActiveCfg = RelWithDebInfo|x64
		{64B12B91-5E03-3110-BE43-1BC5A63DF1BF}.Release|x64.ActiveCfg = Release|x64
		{CF869F99-C3D7-3925-8783-48FEAF46222D}.Debug|x64.ActiveCfg = Debug|x64
		{CF869F99-C3D7-3925-8783-48FEAF46222D}.Debug|x64.Build.0 = Debug|x64
		{CF869F99-C3D7-3925-8783-48FEAF46222D}.RelWithDebInfo|x64.ActiveCfg = RelWithDebInfo|x64
		{CF869F99-C3D7-3925-8783-48FEAF46222D}.RelWithDebInfo|x64.Build.0 = RelWithDebInfo|x64
		{CF869F99-C3D7-3925-8783-48FEAF46222D}.Release|x64.ActiveCfg = Release|x64
		{CF869F99-C3D7-3925-8783-48FEAF46222D}.Release|x64.Build.0 = Release|x64
		{85A078A2-2506-3E68-BB96-E06DCB3BAADE}.Debug|x64.ActiveCfg = Debug|x64
		{85A078A2-2506-3E68-BB96-E06DCB3BAADE}.Debug|x64.Build.0 = Debug|x64
		{85A078A2-2506-3E68-BB96-E06DCB3BAADE}.RelWithDebInfo|x64.ActiveCfg = RelWithDebInfo|x64
		{85A078A2-2506-3E68-BB96-E06DCB3BAADE}.RelWithDebInfo|x64.Build.0 = RelWithDebInfo|x64
		{85A078A2-2506-3E68-BB96-E06DCB3BAADE}.Release|x64.ActiveCfg = Release|x64
		{85A078A2-2506-3E68-BB96-E06DCB3BAADE}.Release|x64.Build.0 = Release|x64
		{47DBB255-8880-3602-AC05-4CA7BAD340A5}.Debug|x64.ActiveCfg = Debug|x64
		{47DBB255-8880-3602-AC05-4CA7BAD340A5}.Debug|x64.Build.0 = Debug|x64
		{47DBB255-8880-3602-AC05-4CA7BAD340A5}.RelWithDebInfo|x64.ActiveCfg = RelWithDebInfo|x64
		{47DBB255-8880-3602-AC05-4CA7BAD340A5}.RelWithDebInfo|x64.Build.0 = RelWithDebInfo|x64
		{47DBB255-8880-3602-AC05-4CA7BAD340A5}.Release|x64.ActiveCfg = Release|x64
		{47DBB255-8880-3602-AC05-4CA7BAD340A5}.Release|x64.Build.0 = Release|x64
		{735065A7-3DAE-3671-9246-C815F896BCB5}.Debug|x64.ActiveCfg = Debug|x64
		{735065A7-3DAE-3671-9246-C815F896BCB5}.Debug|x64.Build.0 = Debug|x64
		{735065A7-3DAE-3671-9246-C815F896BCB5}.RelWithDebInfo|x64.ActiveCfg = RelWithDebInfo|x64
		{735065A7-3DAE-3671-9246-C815F896BCB5}.RelWithDebInfo|x64.Build.0 = RelWithDebInfo|x64
		{735065A7-3DAE-3671-9246-C815F896BCB5}.Release|x64.ActiveCfg = Release|x64
		{735065A7-3DAE-3671-9246-C815F896BCB5}.Release|x64.Build.0 = Release|x64
		{0C881F51-07DC-3A00-AC65-88D80F4ACC4C}.Debug|x64.ActiveCfg = Debug|x64
		{0C881F51-07DC-3A00-AC65-88D80F4ACC4C}.Debug|x64.Build.0 = Debug|x64
		{0C881F51-07DC-3A00-AC65-88D80F4ACC4C}.RelWithDebInfo|x64.ActiveCfg = RelWithDebInfo|x64
		{0C881F51-07DC-3A00-AC65-88D80F4ACC4C}.RelWithDebInfo|x64.Build.0 = RelWithDebInfo|x64
		{0C881F51-07DC-3A00-AC65-88D80F4ACC4C}.Release|x64.ActiveCfg = Release|x64
		{0C881F51-07DC-3A00-AC65-88D80F4ACC4C}.Release|x64.Build.0 = Release|x64
		{BB263FCB-CDB6-30B9-ADD1-4F80C06BF838}.Debug|x64.ActiveCfg = Debug|x64
		{BB263FCB-CDB6-30B9-ADD1-4F80C06BF838}.Debug|x64.Build.0 = Debug|x64
		{BB263FCB-CDB6-30B9-ADD1-4F80C06BF838}.RelWithDebInfo|x64.ActiveCfg = RelWithDebInfo|x64
		{BB263FCB-CDB6-30B9-ADD1-4F80C06BF838}.RelWithDebInfo|x64.Build.0 = RelWithDebInfo|x64
		{BB263FCB-CDB6-30B9-ADD1-4F80C06BF838}.Release|x64.ActiveCfg = Release|x64
		{BB263FCB-CDB6-30B9-ADD1-4F80C06BF838}.Release|x64.Build.0 = Release|x64
		{0E8942A4-E611-347C-B47F-2F6D7EB696A2}.Debug|x64.ActiveCfg = Debug|x64
		{0E8942A4-E611-347C-B47F-2F6D7EB696A2}.Debug|x64.Build.0 = Debug|x64
		{0E8942A4-E611-347C-B47F-2F6D7EB696A2}.RelWithDebInfo|x64.ActiveCfg = RelWithDebInfo|x64
		{0E8942A4-E611-347C-B47F-2F6D7EB696A2}.RelWithDebInfo|x64.Build.0 = RelWithDebInfo|x64
		{0E8942A4-E611-347C-B47F-2F6D7EB696A2}.Release|x64.ActiveCfg = Release|x64
		{0E8942A4-E611-347C-B47F-2F6D7EB696A2}.Release|x64.Build.0 = Release|x64
		{C5933620-1124-3169-9433-7CF5BBC52256}.Debug|x64.ActiveCfg = Debug|x64
		{C5933620-1124-3169-9433-7CF5BBC52256}.Debug|x64.Build.0 = Debug|x64
		{C5933620-1124-3169-9433-7CF5BBC52256}.RelWithDebInfo|x64.ActiveCfg = RelWithDebInfo|x64
		{C5933620-1124-3169-9433-7CF5BBC52256}.RelWithDebInfo|x64.Build.0 = RelWithDebInfo|x64
		{C5933620-1124-3169-9433-7CF5BBC52256}.Release|x64.ActiveCfg = Release|x64
		{C5933620-1124-3169-9433-7CF5BBC52256}.Release|x64.Build.0 = Release|x64
		{A79FB829-07DD-3779-8D7C-E7587CB33EFF}.Debug|x64.ActiveCfg = Debug|x64
		{A79FB829-07DD-3779-8D7C-E7587CB33EFF}.Debug|x64.Build.0 = Debug|x64
		{A79FB829-07DD-3779-8D7C-E7587CB33EFF}.RelWithDebInfo|x64.ActiveCfg = RelWithDebInfo|x64
		{A79FB829-07DD-3779-8D7C-E7587CB33EFF}.RelWithDebInfo|x64.Build.0 = RelWithDebInfo|x64
		{A79FB829-07DD-3779-8D7C-E7587CB33EFF}.Release|x64.ActiveCfg = Release|x64
		{A79FB829-07DD-3779-8D7C-E7587CB33EFF}.Release|x64.Build.0 = Release|x64
		{54961F80-75B5-34FF-8EB3-F3F986ACD5E7}.Debug|x64.ActiveCfg = Debug|x64
		{54961F80-75B5-34FF-8EB3-F3F986ACD5E7}.RelWithDebInfo|x64.ActiveCfg = RelWithDebInfo|x64
		{54961F80-75B5-34FF-8EB3-F3F986ACD5E7}.Release|x64.ActiveCfg = Release|x64
		{BF032CB4-ADB7-3C81-83F4-14E400CC612B}.Debug|x64.ActiveCfg = Debug|x64
		{BF032CB4-ADB7-3C81-83F4-14E400CC612B}.Debug|x64.Build.0 = Debug|x64
		{BF032CB4-ADB7-3C81-83F4-14E400CC612B}.RelWithDebInfo|x64.ActiveCfg = RelWithDebInfo|x64
		{BF032CB4-ADB7-3C81-83F4-14E400CC612B}.RelWithDebInfo|x64.Build.0 = RelWithDebInfo|x64
		{BF032CB4-ADB7-3C81-83F4-14E400CC612B}.Release|x64.ActiveCfg = Release|x64
		{BF032CB4-ADB7-3C81-83F4-14E400CC612B}.Release|x64.Build.0 = Release|x64
		{64209154-E538-395D-BDAA-01A7A916460D}.Debug|x64.ActiveCfg = Debug|x64
		{64209154-E538-395D-BDAA-01A7A916460D}.Debug|x64.Build.0 = Debug|x64
		{64209154-E538-395D-BDAA-01A7A916460D}.RelWithDebInfo|x64.ActiveCfg = RelWithDebInfo|x64
		{64209154-E538-395D-BDAA-01A7A916460D}.RelWithDebInfo|x64.Build.0 = RelWithDebInfo|x64
		{64209154-E538-395D-BDAA-01A7A916460D}.Release|x64.ActiveCfg = Release|x64
		{64209154-E538-395D-BDAA-01A7A916460D}.Release|x64.Build.0 = Release|x64
		{A55763DC-0769-321D-B754-F045C6BE024B}.Debug|x64.ActiveCfg = Debug|x64
		{A55763DC-0769-321D-B754-F045C6BE024B}.Debug|x64.Build.0 = Debug|x64
		{A55763DC-0769-321D-B754-F045C6BE024B}.RelWithDebInfo|x64.ActiveCfg = RelWithDebInfo|x64
		{A55763DC-0769-321D-B754-F045C6BE024B}.RelWithDebInfo|x64.Build.0 = RelWithDebInfo|x64
		{A55763DC-0769-321D-B754-F045C6BE024B}.Release|x64.ActiveCfg = Release|x64
		{A55763DC-0769-321D-B754-F045C6BE024B}.Release|x64.Build.0 = Release|x64
		{9041E42E-6F43-3F82-B113-5294788DE5FF}.Debug|x64.ActiveCfg = Debug|x64
		{9041E42E-6F43-3F82-B113-5294788DE5FF}.Debug|x64.Build.0 = Debug|x64
		{9041E42E-6F43-3F82-B113-5294788DE5FF}.RelWithDebInfo|x64.ActiveCfg = RelWithDebInfo|x64
		{9041E42E-6F43-3F82-B113-5294788DE5FF}.RelWithDebInfo|x64.Build.0 = RelWithDebInfo|x64
		{9041E42E-6F43-3F82-B113-5294788DE5FF}.Release|x64.ActiveCfg = Release|x64
		{9041E42E-6F43-3F82-B113-5294788DE5FF}.Release|x64.Build.0 = Release|x64
		{6F337762-985A-3180-B990-EFCA86EE0F8A}.Debug|x64.ActiveCfg = Debug|x64
		{6F337762-985A-3180-B990-EFCA86EE0F8A}.Debug|x64.Build.0 = Debug|x64
		{6F337762-985A-3180-B990-EFCA86EE0F8A}.RelWithDebInfo|x64.ActiveCfg = RelWithDebInfo|x64
		{6F337762-985A-3180-B990-EFCA86EE0F8A}.RelWithDebInfo|x64.Build.0 = RelWithDebInfo|x64
		{6F337762-985A-3180-B990-EFCA86EE0F8A}.Release|x64.ActiveCfg = Release|x64
		{6F337762-985A-3180-B990-EFCA86EE0F8A}.Release|x64.Build.0 = Release|x64
		{ABC2FA77-6533-357B-8A2A-3CC6174C9959}.Debug|x64.ActiveCfg = Debug|x64
		{ABC2FA77-6533-357B-8A2A-3CC6174C9959}.Debug|x64.Build.0 = Debug|x64
		{ABC2FA77-6533-357B-8A2A-3CC6174C9959}.RelWithDebInfo|x64.ActiveCfg = RelWithDebInfo|x64
		{ABC2FA77-6533-357B-8A2A-3CC6174C9959}.RelWithDebInfo|x64.Build.0 = RelWithDebInfo|x64
		{ABC2FA77-6533-357B-8A2A-3CC6174C9959}.Release|x64.ActiveCfg = Release|x64
		{ABC2FA77-6533-357B-8A2A-3CC6174C9959}.Release|x64.Build.0 = Release|x64
		{AA25F350-9A70-387B-B54F-74AB517A5DCB}.Debug|x64.ActiveCfg = Debug|x64
		{AA25F350-9A70-387B-B54F-74AB517A5DCB}.Debug|x64.Build.0 = Debug|x64
		{AA25F350-9A70-387B-B54F-74AB517A5DCB}.RelWithDebInfo|x64.ActiveCfg = RelWithDebInfo|x64
		{AA25F350-9A70-387B-B54F-74AB517A5DCB}.RelWithDebInfo|x64.Build.0 = RelWithDebInfo|x64
		{AA25F350-9A70-387B-B54F-74AB517A5DCB}.Release|x64.ActiveCfg = Release|x64
		{AA25F350-9A70-387B-B54F-74AB517A5DCB}.Release|x64.Build.0 = Release|x64
		{C372416B-5A3E-30F4-83DB-2CFCA8BA223F}.Debug|x64.ActiveCfg = Debug|x64
		{C372416B-5A3E-30F4-83DB-2CFCA8BA223F}.Debug|x64.Build.0 = Debug|x64
		{C372416B-5A3E-30F4-83DB-2CFCA8BA223F}.RelWithDebInfo|x64.ActiveCfg = RelWithDebInfo|x64
		{C372416B-5A3E-30F4-83DB-2CFCA8BA223F}.RelWithDebInfo|x64.Build.0 = RelWithDebInfo|x64
		{C372416B-5A3E-30F4-83DB-2CFCA8BA223F}.Release|x64.ActiveCfg = Release|x64
		{C372416B-5A3E-30F4-83DB-2CFCA8BA223F}.Release|x64.Build.0 = Release|x64
		{66792C97-7473-3528-8444-50622F2651FD}.Debug|x64.ActiveCfg = Debug|x64
		{66792C97-7473-3528-8444-50622F2651FD}.Debug|x64.Build.0 = Debug|x64
		{66792C97-7473-3528-8444-50622F2651FD}.RelWithDebInfo|x64.ActiveCfg = RelWithDebInfo|x64
		{66792C97-7473-3528-8444-50622F2651FD}.RelWithDebInfo|x64.Build.0 = RelWithDebInfo|x64
		{66792C97-7473-3528-8444-50622F2651FD}.Release|x64.ActiveCfg = Release|x64
		{66792C97-7473-3528-8444-50622F2651FD}.Release|x64.Build.0 = Release|x64
	EndGlobalSection
	GlobalSection(NestedProjects) = preSolution
		{455DC146-3457-3CE5-96A5-2E822C8AB5A7} = {2B406F30-FA6F-30DA-B67F-F95AF96C3C25}
		{64B12B91-5E03-3110-BE43-1BC5A63DF1BF} = {2B406F30-FA6F-30DA-B67F-F95AF96C3C25}
		{54961F80-75B5-34FF-8EB3-F3F986ACD5E7} = {2B406F30-FA6F-30DA-B67F-F95AF96C3C25}
		{C372416B-5A3E-30F4-83DB-2CFCA8BA223F} = {A5F6C45B-EA98-3A38-B215-251246D283ED}
	EndGlobalSection
	GlobalSection(ExtensibilityGlobals) = postSolution
		SolutionGuid = {623671AA-3A81-3504-A9A2-1C1C99DF57A6}
	EndGlobalSection
	GlobalSection(ExtensibilityAddIns) = postSolution
	EndGlobalSection
EndGlobal
