<?xml version="1.0" encoding="utf-8"?>
<Project ToolsVersion="16.0" xmlns="http://schemas.microsoft.com/developer/msbuild/2003">
  <ItemGroup>
    <ClCompile Include="C:\github-repos\ultranotei-core\src\Logging\CommonLogger.cpp" />
    <ClCompile Include="C:\github-repos\ultranotei-core\src\Logging\ConsoleLogger.cpp" />
    <ClCompile Include="C:\github-repos\ultranotei-core\src\Logging\FileLogger.cpp" />
    <ClCompile Include="C:\github-repos\ultranotei-core\src\Logging\ILogger.cpp" />
    <ClCompile Include="C:\github-repos\ultranotei-core\src\Logging\LoggerGroup.cpp" />
    <ClCompile Include="C:\github-repos\ultranotei-core\src\Logging\LoggerManager.cpp" />
    <ClCompile Include="C:\github-repos\ultranotei-core\src\Logging\LoggerMessage.cpp" />
    <ClCompile Include="C:\github-repos\ultranotei-core\src\Logging\LoggerRef.cpp" />
    <ClCompile Include="C:\github-repos\ultranotei-core\src\Logging\StreamLogger.cpp" />
  </ItemGroup>
  <ItemGroup>
    <ClInclude Include="C:\github-repos\ultranotei-core\src\Logging\CommonLogger.h" />
    <ClInclude Include="C:\github-repos\ultranotei-core\src\Logging\ConsoleLogger.h" />
    <ClInclude Include="C:\github-repos\ultranotei-core\src\Logging\FileLogger.h" />
    <ClInclude Include="C:\github-repos\ultranotei-core\src\Logging\ILogger.h" />
    <ClInclude Include="C:\github-repos\ultranotei-core\src\Logging\LoggerGroup.h" />
    <ClInclude Include="C:\github-repos\ultranotei-core\src\Logging\LoggerManager.h" />
    <ClInclude Include="C:\github-repos\ultranotei-core\src\Logging\LoggerMessage.h" />
    <ClInclude Include="C:\github-repos\ultranotei-core\src\Logging\LoggerRef.h" />
    <ClInclude Include="C:\github-repos\ultranotei-core\src\Logging\StreamLogger.h" />
  </ItemGroup>
  <ItemGroup>
  </ItemGroup>
</Project>
