<?xml version="1.0" encoding="utf-8"?>
<Project ToolsVersion="16.0" xmlns="http://schemas.microsoft.com/developer/msbuild/2003">
  <ItemGroup>
    <CustomBuild Include="C:\github-repos\ultranotei-core\build_20250109205248\CMakeFiles\f27b0485f6e50114ae4c1b632f440ff3\INSTALL_force.rule">
      <Filter>CMake Rules</Filter>
    </CustomBuild>
  </ItemGroup>
  <ItemGroup>
    <Filter Include="CMake Rules">
      <UniqueIdentifier>{486F8CA4-E5C6-3E98-8B1C-5AFFF09CC8B5}</UniqueIdentifier>
    </Filter>
  </ItemGroup>
</Project>
